
Microsoft Visual Studio Solution File, Format Version 12.00
# Visual Studio Version 17
VisualStudioVersion = 17.8.34330.188
MinimumVisualStudioVersion = 10.0.40219.1
Project("{FAE04EC0-301F-11D3-BF4B-00C04F79EFBC}") = "NewsParser", "NewsParser.csproj", "{E03C6304-F538-43F4-9102-49C98FC48D39}"
EndProject
Global
	GlobalSection(SolutionConfigurationPlatforms) = preSolution
		Debug|Any CPU = Debug|Any CPU
		Release|Any CPU = Release|Any CPU
	EndGlobalSection
	GlobalSection(ProjectConfigurationPlatforms) = postSolution
		{E03C6304-F538-43F4-9102-49C98FC48D39}.Debug|Any CPU.ActiveCfg = Debug|Any CPU
		{E03C6304-F538-43F4-9102-49C98FC48D39}.Debug|Any CPU.Build.0 = Debug|Any CPU
		{E03C6304-F538-43F4-9102-49C98FC48D39}.Release|Any CPU.ActiveCfg = Release|Any CPU
		{E03C6304-F538-43F4-9102-49C98FC48D39}.Release|Any CPU.Build.0 = Release|Any CPU
	EndGlobalSection
	GlobalSection(SolutionProperties) = preSolution
		HideSolutionNode = FALSE
	EndGlobalSection
	GlobalSection(ExtensibilityGlobals) = postSolution
		SolutionGuid = {62F5828C-1C1B-4EF6-BE09-0541B3082405}
	EndGlobalSection
EndGlobal
